
Microsoft Visual Studio Solution File, Format Version 12.00
# Visual Studio Version 17
VisualStudioVersion = 17.11.35312.102
MinimumVisualStudioVersion = 10.0.40219.1
Project("{FAE04EC0-301F-11D3-BF4B-00C04F79EFBC}") = "OSRSCombatSim", "OSRSCombatSim\OSRSCombatSim.csproj", "{CC8B719A-2073-4B86-969C-9B2A9C773523}"
EndProject
Global
	GlobalSection(SolutionConfigurationPlatforms) = preSolution
		Debug|Any CPU = Debug|Any CPU
		Release|Any CPU = Release|Any CPU
	EndGlobalSection
	GlobalSection(ProjectConfigurationPlatforms) = postSolution
		{CC8B719A-2073-4B86-969C-9B2A9C773523}.Debug|Any CPU.ActiveCfg = Debug|Any CPU
		{CC8B719A-2073-4B86-969C-9B2A9C773523}.Debug|Any CPU.Build.0 = Debug|Any CPU
		{CC8B719A-2073-4B86-969C-9B2A9C773523}.Release|Any CPU.ActiveCfg = Release|Any CPU
		{CC8B719A-2073-4B86-969C-9B2A9C773523}.Release|Any CPU.Build.0 = Release|Any CPU
	EndGlobalSection
	GlobalSection(SolutionProperties) = preSolution
		HideSolutionNode = FALSE
	EndGlobalSection
	GlobalSection(ExtensibilityGlobals) = postSolution
		SolutionGuid = {FB3E70CD-14ED-4B1F-8D68-7296E35891A7}
	EndGlobalSection
EndGlobal
